
Microsoft Visual Studio Solution File, Format Version 12.00
# Visual Studio 2013
VisualStudioVersion = 12.0.30723.0
MinimumVisualStudioVersion = 10.0.40219.1
Project("{8BC9CEB8-8B4A-11D0-8D11-00A0C91BC942}") = "DirectX9Framework", "..\..\DirectX9Framework\Msvc\DirectX9Framework.vcxproj", "{B6F1CBD8-70C2-4C27-A076-3932F014C5A6}"
EndProject
Project("{8BC9CEB8-8B4A-11D0-8D11-00A0C91BC942}") = "HeightMap", "HeightMap.vcxproj", "{54B344DC-0CF6-4112-9424-FF3DCEFDFA27}"
	ProjectSection(ProjectDependencies) = postProject
		{B6F1CBD8-70C2-4C27-A076-3932F014C5A6} = {B6F1CBD8-70C2-4C27-A076-3932F014C5A6}
	EndProjectSection
EndProject
Global
	GlobalSection(SolutionConfigurationPlatforms) = preSolution
		Debug|Win32 = Debug|Win32
		MinSizeRel|Win32 = MinSizeRel|Win32
		Release|Win32 = Release|Win32
		RelWithDebInfo|Win32 = RelWithDebInfo|Win32
	EndGlobalSection
	GlobalSection(ProjectConfigurationPlatforms) = postSolution
		{B6F1CBD8-70C2-4C27-A076-3932F014C5A6}.Debug|Win32.ActiveCfg = Debug|Win32
		{B6F1CBD8-70C2-4C27-A076-3932F014C5A6}.Debug|Win32.Build.0 = Debug|Win32
		{B6F1CBD8-70C2-4C27-A076-3932F014C5A6}.MinSizeRel|Win32.ActiveCfg = Release|Win32
		{B6F1CBD8-70C2-4C27-A076-3932F014C5A6}.MinSizeRel|Win32.Build.0 = Release|Win32
		{B6F1CBD8-70C2-4C27-A076-3932F014C5A6}.Release|Win32.ActiveCfg = Release|Win32
		{B6F1CBD8-70C2-4C27-A076-3932F014C5A6}.Release|Win32.Build.0 = Release|Win32
		{B6F1CBD8-70C2-4C27-A076-3932F014C5A6}.RelWithDebInfo|Win32.ActiveCfg = Release|Win32
		{B6F1CBD8-70C2-4C27-A076-3932F014C5A6}.RelWithDebInfo|Win32.Build.0 = Release|Win32
		{54B344DC-0CF6-4112-9424-FF3DCEFDFA27}.Debug|Win32.ActiveCfg = Debug|Win32
		{54B344DC-0CF6-4112-9424-FF3DCEFDFA27}.Debug|Win32.Build.0 = Debug|Win32
		{54B344DC-0CF6-4112-9424-FF3DCEFDFA27}.MinSizeRel|Win32.ActiveCfg = Release|Win32
		{54B344DC-0CF6-4112-9424-FF3DCEFDFA27}.MinSizeRel|Win32.Build.0 = Release|Win32
		{54B344DC-0CF6-4112-9424-FF3DCEFDFA27}.Release|Win32.ActiveCfg = Release|Win32
		{54B344DC-0CF6-4112-9424-FF3DCEFDFA27}.Release|Win32.Build.0 = Release|Win32
		{54B344DC-0CF6-4112-9424-FF3DCEFDFA27}.RelWithDebInfo|Win32.ActiveCfg = Release|Win32
		{54B344DC-0CF6-4112-9424-FF3DCEFDFA27}.RelWithDebInfo|Win32.Build.0 = Release|Win32
	EndGlobalSection
	GlobalSection(SolutionProperties) = preSolution
		HideSolutionNode = FALSE
	EndGlobalSection
EndGlobal
