<?xml version="1.0" encoding="utf-8"?>
<Project ToolsVersion="4.0" xmlns="http://schemas.microsoft.com/developer/msbuild/2003">
  <ItemGroup>
    <Filter Include="Utilities">
      <UniqueIdentifier>{fffe48e8-dc9a-4532-aa7c-a3936cd88239}</UniqueIdentifier>
    </Filter>
    <Filter Include="Math">
      <UniqueIdentifier>{b9ab49ca-3813-4c5c-b67a-527c4ea00994}</UniqueIdentifier>
    </Filter>
    <Filter Include="Graphics">
      <UniqueIdentifier>{628d281d-003d-433d-a076-9abaaa44d8c4}</UniqueIdentifier>
    </Filter>
    <Filter Include="Graphics\D3D9">
      <UniqueIdentifier>{f776ed7e-3c2d-4b84-a8cb-0ecfab08b955}</UniqueIdentifier>
    </Filter>
    <Filter Include="Graphics\D3D10">
      <UniqueIdentifier>{5a6aa22f-e8ad-4550-b2a6-8352ae0e8e8d}</UniqueIdentifier>
    </Filter>
    <Filter Include="Debug">
      <UniqueIdentifier>{a136c114-24da-4341-886d-d1b8a44b0c18}</UniqueIdentifier>
    </Filter>
    <Filter Include="GameBase">
      <UniqueIdentifier>{9593325f-da3f-4790-a031-2490e706872a}</UniqueIdentifier>
    </Filter>
    <Filter Include="Graphics\D3D11">
      <UniqueIdentifier>{8b71fbbf-3813-445e-b158-a514abbc36fe}</UniqueIdentifier>
    </Filter>
  </ItemGroup>
  <ItemGroup>
    <ClCompile Include="..\Math\SlimMatrix4x4.cpp">
      <Filter>Math</Filter>
    </ClCompile>
    <ClCompile Include="..\Math\SlimQuaternion.cpp">
      <Filter>Math</Filter>
    </ClCompile>
    <ClCompile Include="..\Math\SlimVector.cpp">
      <Filter>Math</Filter>
    </ClCompile>
    <ClCompile Include="SlimStd.cpp" />
    <ClCompile Include="..\Graphics\SlimTextureLayer.cpp">
      <Filter>Graphics</Filter>
    </ClCompile>
    <ClCompile Include="..\Graphics\SlimRenderer.cpp">
      <Filter>Graphics</Filter>
    </ClCompile>
    <ClCompile Include="..\Graphics\D3D10\SlimD3D10Renderer.cpp">
      <Filter>Graphics\D3D10</Filter>
    </ClCompile>
    <ClCompile Include="..\Graphics\D3D10\SlimD3D10Conversions.cpp">
      <Filter>Graphics\D3D10</Filter>
    </ClCompile>
    <ClCompile Include="..\Graphics\D3D10\SlimD3D10GpuBuffer.cpp">
      <Filter>Graphics\D3D10</Filter>
    </ClCompile>
    <ClCompile Include="..\Graphics\SlimVertexDeclaration.cpp">
      <Filter>Graphics</Filter>
    </ClCompile>
    <ClCompile Include="..\Graphics\D3D10\SlimD3D10VertexDeclaration.cpp">
      <Filter>Graphics\D3D10</Filter>
    </ClCompile>
    <ClCompile Include="..\Graphics\D3D10\SlimD3D10VertexGpuBuffer.cpp">
      <Filter>Graphics\D3D10</Filter>
    </ClCompile>
    <ClCompile Include="..\Graphics\SlimIndexGpuBuffer.cpp">
      <Filter>Graphics</Filter>
    </ClCompile>
    <ClCompile Include="..\Graphics\SlimVertexGpuBuffer.cpp">
      <Filter>Graphics</Filter>
    </ClCompile>
    <ClCompile Include="..\Graphics\D3D10\SlimD3D10IndexGpuBuffer.cpp">
      <Filter>Graphics\D3D10</Filter>
    </ClCompile>
    <ClCompile Include="..\Graphics\D3D10\SlimD3D10ShaderProgram.cpp">
      <Filter>Graphics\D3D10</Filter>
    </ClCompile>
    <ClCompile Include="..\Graphics\SlimShaderParams.cpp">
      <Filter>Graphics</Filter>
    </ClCompile>
    <ClCompile Include="..\Graphics\SlimShaderProgram.cpp">
      <Filter>Graphics</Filter>
    </ClCompile>
    <ClCompile Include="..\Graphics\SlimTexture.cpp">
      <Filter>Graphics</Filter>
    </ClCompile>
    <ClCompile Include="..\Graphics\SlimGpuBuffer.cpp">
      <Filter>Graphics</Filter>
    </ClCompile>
    <ClCompile Include="..\Graphics\D3D10\SlimD3D10Texture.cpp">
      <Filter>Graphics\D3D10</Filter>
    </ClCompile>
    <ClCompile Include="..\GameBase\WinMain.cpp">
      <Filter>GameBase</Filter>
    </ClCompile>
    <ClCompile Include="..\GameBase\SlimGameApp.cpp">
      <Filter>GameBase</Filter>
    </ClCompile>
    <ClCompile Include="..\Graphics\SlimColour.cpp">
      <Filter>Graphics</Filter>
    </ClCompile>
    <ClCompile Include="..\GameBase\SlimGameLogic.cpp">
      <Filter>GameBase</Filter>
    </ClCompile>
    <ClCompile Include="..\Logging\SlimLog.cpp">
      <Filter>Debug</Filter>
    </ClCompile>
    <ClCompile Include="..\Logging\SlimLogger.cpp">
      <Filter>Debug</Filter>
    </ClCompile>
    <ClCompile Include="..\Logging\SlimExceptions.cpp">
      <Filter>Debug</Filter>
    </ClCompile>
    <ClCompile Include="..\Graphics\SlimImage.cpp">
      <Filter>Graphics</Filter>
    </ClCompile>
    <ClCompile Include="..\Graphics\SlimLight.cpp">
      <Filter>Graphics</Filter>
    </ClCompile>
    <ClCompile Include="..\Graphics\SlimRenderPass.cpp">
      <Filter>Graphics</Filter>
    </ClCompile>
    <ClCompile Include="..\GameBase\SlimInput.cpp">
      <Filter>GameBase</Filter>
    </ClCompile>
    <ClCompile Include="..\Graphics\D3D10\SlimD3D10RenderTexture.cpp">
      <Filter>Graphics\D3D10</Filter>
    </ClCompile>
    <ClCompile Include="..\Graphics\SlimRenderTexture.cpp">
      <Filter>Graphics</Filter>
    </ClCompile>
    <ClCompile Include="..\Graphics\SlimSceneNode.cpp">
      <Filter>Graphics</Filter>
    </ClCompile>
    <ClCompile Include="..\Graphics\D3D11\SlimD3D11Conversions.cpp">
      <Filter>Graphics\D3D11</Filter>
    </ClCompile>
    <ClCompile Include="..\Graphics\D3D11\SlimD3D11GpuBuffer.cpp">
      <Filter>Graphics\D3D11</Filter>
    </ClCompile>
    <ClCompile Include="..\Graphics\D3D11\SlimD3D11IndexGpuBuffer.cpp">
      <Filter>Graphics\D3D11</Filter>
    </ClCompile>
    <ClCompile Include="..\Graphics\D3D11\SlimD3D11Renderer.cpp">
      <Filter>Graphics\D3D11</Filter>
    </ClCompile>
    <ClCompile Include="..\Graphics\D3D11\SlimD3D11RenderTexture.cpp">
      <Filter>Graphics\D3D11</Filter>
    </ClCompile>
    <ClCompile Include="..\Graphics\D3D11\SlimD3D11ShaderProgram.cpp">
      <Filter>Graphics\D3D11</Filter>
    </ClCompile>
    <ClCompile Include="..\Graphics\D3D11\SlimD3D11Texture.cpp">
      <Filter>Graphics\D3D11</Filter>
    </ClCompile>
    <ClCompile Include="..\Graphics\D3D11\SlimD3D11VertexDeclaration.cpp">
      <Filter>Graphics\D3D11</Filter>
    </ClCompile>
    <ClCompile Include="..\Graphics\D3D11\SlimD3D11VertexGpuBuffer.cpp">
      <Filter>Graphics\D3D11</Filter>
    </ClCompile>
    <ClCompile Include="..\Math\SlimPlane.cpp">
      <Filter>Math</Filter>
    </ClCompile>
    <ClCompile Include="..\Graphics\SlimFrustum.cpp">
      <Filter>Graphics</Filter>
    </ClCompile>
    <ClCompile Include="..\Graphics\SlimCamera.cpp">
      <Filter>Graphics</Filter>
    </ClCompile>
  </ItemGroup>
  <ItemGroup>
    <ClInclude Include="..\Graphics\SlimColour.h">
      <Filter>Graphics</Filter>
    </ClInclude>
    <ClInclude Include="..\Graphics\SlimMaterial.h">
      <Filter>Graphics</Filter>
    </ClInclude>
    <ClInclude Include="..\Graphics\SlimRenderer.h">
      <Filter>Graphics</Filter>
    </ClInclude>
    <ClInclude Include="..\Math\SlimMatrix4x4.h">
      <Filter>Math</Filter>
    </ClInclude>
    <ClInclude Include="..\Math\SlimQuaternion.h">
      <Filter>Math</Filter>
    </ClInclude>
    <ClInclude Include="..\Math\SlimVector.h">
      <Filter>Math</Filter>
    </ClInclude>
    <ClInclude Include="..\Utilities\SlimObjectFactory.h">
      <Filter>Utilities</Filter>
    </ClInclude>
    <ClInclude Include="..\Utilities\SlimSingleton.h">
      <Filter>Utilities</Filter>
    </ClInclude>
    <ClInclude Include="..\Graphics\SlimScene.h">
      <Filter>Graphics</Filter>
    </ClInclude>
    <ClInclude Include="..\Graphics\SlimTexture.h">
      <Filter>Graphics</Filter>
    </ClInclude>
    <ClInclude Include="SlimStd.h" />
    <ClInclude Include="..\Graphics\SlimTextureLayer.h">
      <Filter>Graphics</Filter>
    </ClInclude>
    <ClInclude Include="..\Graphics\D3D9\SlimD3D9Renderer.h">
      <Filter>Graphics\D3D9</Filter>
    </ClInclude>
    <ClInclude Include="..\Graphics\D3D9\SlimD3D9Texture.h">
      <Filter>Graphics\D3D9</Filter>
    </ClInclude>
    <ClInclude Include="..\Graphics\D3D10\SlimD3D10Renderer.h">
      <Filter>Graphics\D3D10</Filter>
    </ClInclude>
    <ClInclude Include="..\Graphics\SlimTypes.h">
      <Filter>Graphics</Filter>
    </ClInclude>
    <ClInclude Include="..\Utilities\SlimInline.h">
      <Filter>Utilities</Filter>
    </ClInclude>
    <ClInclude Include="..\Graphics\D3D10\SlimD3D10Texture.h">
      <Filter>Graphics\D3D10</Filter>
    </ClInclude>
    <ClInclude Include="..\Graphics\D3D10\SlimD3D10Conversions.h">
      <Filter>Graphics\D3D10</Filter>
    </ClInclude>
    <ClInclude Include="..\Graphics\D3D10\SlimD3D10Forward.h">
      <Filter>Graphics\D3D10</Filter>
    </ClInclude>
    <ClInclude Include="..\Graphics\SlimVertexGpuBuffer.h">
      <Filter>Graphics</Filter>
    </ClInclude>
    <ClInclude Include="..\Graphics\D3D10\SlimD3D10GpuBuffer.h">
      <Filter>Graphics\D3D10</Filter>
    </ClInclude>
    <ClInclude Include="..\Graphics\SlimShaderProgram.h">
      <Filter>Graphics</Filter>
    </ClInclude>
    <ClInclude Include="..\Graphics\SlimIndexGpuBuffer.h">
      <Filter>Graphics</Filter>
    </ClInclude>
    <ClInclude Include="..\Graphics\SlimVertexDeclaration.h">
      <Filter>Graphics</Filter>
    </ClInclude>
    <ClInclude Include="..\Graphics\D3D10\SlimD3D10VertexDeclaration.h">
      <Filter>Graphics\D3D10</Filter>
    </ClInclude>
    <ClInclude Include="..\Graphics\D3D10\SlimD3D10VertexGpuBuffer.h">
      <Filter>Graphics\D3D10</Filter>
    </ClInclude>
    <ClInclude Include="..\Math\SlimMath.h">
      <Filter>Math</Filter>
    </ClInclude>
    <ClInclude Include="..\Graphics\D3D10\SlimD3D10IndexGpuBuffer.h">
      <Filter>Graphics\D3D10</Filter>
    </ClInclude>
    <ClInclude Include="..\Graphics\SlimShaderParams.h">
      <Filter>Graphics</Filter>
    </ClInclude>
    <ClInclude Include="..\Graphics\D3D10\SlimD3D10ShaderProgram.h">
      <Filter>Graphics\D3D10</Filter>
    </ClInclude>
    <ClInclude Include="..\Graphics\SlimGpuBuffer.h">
      <Filter>Graphics</Filter>
    </ClInclude>
    <ClInclude Include="..\GameBase\SlimGameApp.h">
      <Filter>GameBase</Filter>
    </ClInclude>
    <ClInclude Include="..\GameBase\SlimGameLogic.h">
      <Filter>GameBase</Filter>
    </ClInclude>
    <ClInclude Include="..\Graphics\SlimLight.h">
      <Filter>Graphics</Filter>
    </ClInclude>
    <ClInclude Include="..\Logging\SlimLog.h">
      <Filter>Debug</Filter>
    </ClInclude>
    <ClInclude Include="..\Logging\SlimLogger.h">
      <Filter>Debug</Filter>
    </ClInclude>
    <ClInclude Include="..\Logging\SlimExceptions.h">
      <Filter>Debug</Filter>
    </ClInclude>
    <ClInclude Include="..\Graphics\SlimImage.h">
      <Filter>Graphics</Filter>
    </ClInclude>
    <ClInclude Include="..\GameBase\SlimInput.h">
      <Filter>GameBase</Filter>
    </ClInclude>
    <ClInclude Include="..\Graphics\SlimRenderPass.h">
      <Filter>Graphics</Filter>
    </ClInclude>
    <ClInclude Include="..\Graphics\SlimRenderTexture.h">
      <Filter>Graphics</Filter>
    </ClInclude>
    <ClInclude Include="..\Graphics\D3D10\SlimD3D10RenderTexture.h">
      <Filter>Graphics\D3D10</Filter>
    </ClInclude>
    <ClInclude Include="..\Graphics\SlimCamera.h">
      <Filter>Graphics</Filter>
    </ClInclude>
    <ClInclude Include="..\Graphics\SlimSceneNode.h">
      <Filter>Graphics</Filter>
    </ClInclude>
    <ClInclude Include="..\Graphics\SlimRenderQueue.h">
      <Filter>Graphics</Filter>
    </ClInclude>
    <ClInclude Include="..\Graphics\D3D11\SlimD3D11Conversions.h">
      <Filter>Graphics\D3D11</Filter>
    </ClInclude>
    <ClInclude Include="..\Graphics\D3D11\SlimD3D11Forward.h">
      <Filter>Graphics\D3D11</Filter>
    </ClInclude>
    <ClInclude Include="..\Graphics\D3D11\SlimD3D11GpuBuffer.h">
      <Filter>Graphics\D3D11</Filter>
    </ClInclude>
    <ClInclude Include="..\Graphics\D3D11\SlimD3D11IndexGpuBuffer.h">
      <Filter>Graphics\D3D11</Filter>
    </ClInclude>
    <ClInclude Include="..\Graphics\D3D11\SlimD3D11Renderer.h">
      <Filter>Graphics\D3D11</Filter>
    </ClInclude>
    <ClInclude Include="..\Graphics\D3D11\SlimD3D11RenderTexture.h">
      <Filter>Graphics\D3D11</Filter>
    </ClInclude>
    <ClInclude Include="..\Graphics\D3D11\SlimD3D11ShaderProgram.h">
      <Filter>Graphics\D3D11</Filter>
    </ClInclude>
    <ClInclude Include="..\Graphics\D3D11\SlimD3D11Texture.h">
      <Filter>Graphics\D3D11</Filter>
    </ClInclude>
    <ClInclude Include="..\Graphics\D3D11\SlimD3D11VertexDeclaration.h">
      <Filter>Graphics\D3D11</Filter>
    </ClInclude>
    <ClInclude Include="..\Graphics\D3D11\SlimD3D11VertexGpuBuffer.h">
      <Filter>Graphics\D3D11</Filter>
    </ClInclude>
    <ClInclude Include="..\Graphics\SlimFrustum.h">
      <Filter>Graphics</Filter>
    </ClInclude>
    <ClInclude Include="..\Math\SlimPlane.h">
      <Filter>Math</Filter>
    </ClInclude>
  </ItemGroup>
</Project>